<?xml version="1.0" encoding="utf-8"?>
<Project ToolsVersion="4.0" xmlns="http://schemas.microsoft.com/developer/msbuild/2003">
  <ItemGroup>
    <Filter Include="源文件">
      <UniqueIdentifier>{4FC737F1-C7A5-4376-A066-2A32D752A2FF}</UniqueIdentifier>
      <Extensions>cpp;c;cc;cxx;def;odl;idl;hpj;bat;asm;asmx</Extensions>
    </Filter>
    <Filter Include="头文件">
      <UniqueIdentifier>{93995380-89BD-4b04-88EB-625FBE52EBFB}</UniqueIdentifier>
      <Extensions>h;hpp;hxx;hm;inl;inc;xsd</Extensions>
    </Filter>
    <Filter Include="资源文件">
      <UniqueIdentifier>{67DA6AB6-F800-4c08-8B7A-83BB121AAD01}</UniqueIdentifier>
      <Extensions>rc;ico;cur;bmp;dlg;rc2;rct;bin;rgs;gif;jpg;jpeg;jpe;resx;tiff;tif;png;wav;mfcribbon-ms</Extensions>
    </Filter>
  </ItemGroup>
  <ItemGroup>
    <ClInclude Include="..\data_list.h">
      <Filter>头文件</Filter>
    </ClInclude>
    <ClInclude Include="..\h264_frame_parser.h">
      <Filter>头文件</Filter>
    </ClInclude>
    <ClInclude Include="file_rtmp_server.h">
      <Filter>头文件</Filter>
    </ClInclude>
    <ClInclude Include="rtmp_connection.h">
      <Filter>头文件</Filter>
    </ClInclude>
    <ClInclude Include="aac_frame_reader.h">
      <Filter>头文件</Filter>
    </ClInclude>
    <ClInclude Include="h264_frame_reader.h">
      <Filter>头文件</Filter>
    </ClInclude>
    <ClInclude Include="..\flv_reader.h">
      <Filter>头文件</Filter>
    </ClInclude>
    <ClInclude Include="..\flv_writter.h">
      <Filter>头文件</Filter>
    </ClInclude>
    <ClInclude Include="lib_rtmp.h">
      <Filter>头文件</Filter>
    </ClInclude>
    <ClInclude Include="..\..\rtmp_server_base\amf_byte_stream.h">
      <Filter>头文件</Filter>
    </ClInclude>
    <ClInclude Include="..\..\rtmp_server_base\bit_reader.h">
      <Filter>头文件</Filter>
    </ClInclude>
    <ClInclude Include="..\..\rtmp_server_base\bit_writter.h">
      <Filter>头文件</Filter>
    </ClInclude>
    <ClInclude Include="..\..\rtmp_server_base\simple_mutex.h">
      <Filter>头文件</Filter>
    </ClInclude>
    <ClInclude Include="..\..\rtmp_server_base\thread.h">
      <Filter>头文件</Filter>
    </ClInclude>
    <ClInclude Include="..\..\rtmp_server_base\util_tools.h">
      <Filter>头文件</Filter>
    </ClInclude>
  </ItemGroup>
  <ItemGroup>
    <ClCompile Include="..\data_list.c">
      <Filter>源文件</Filter>
    </ClCompile>
    <ClCompile Include="..\h264_frame_parser.c">
      <Filter>源文件</Filter>
    </ClCompile>
    <ClCompile Include="file_rtmp_server.cpp">
      <Filter>源文件</Filter>
    </ClCompile>
    <ClCompile Include="rtmp_connection.cpp">
      <Filter>源文件</Filter>
    </ClCompile>
    <ClCompile Include="aac_frame_reader.cpp">
      <Filter>源文件</Filter>
    </ClCompile>
    <ClCompile Include="h264_frame_reader.cpp">
      <Filter>源文件</Filter>
    </ClCompile>
    <ClCompile Include="main.cpp">
      <Filter>源文件</Filter>
    </ClCompile>
    <ClCompile Include="..\flv_reader.c">
      <Filter>源文件</Filter>
    </ClCompile>
    <ClCompile Include="..\flv_writter.c">
      <Filter>源文件</Filter>
    </ClCompile>
    <ClCompile Include="lib_rtmp.cpp">
      <Filter>源文件</Filter>
    </ClCompile>
    <ClCompile Include="..\..\rtmp_server_base\amf_byte_stream.c">
      <Filter>源文件</Filter>
    </ClCompile>
    <ClCompile Include="..\..\rtmp_server_base\bit_reader.c">
      <Filter>源文件</Filter>
    </ClCompile>
    <ClCompile Include="..\..\rtmp_server_base\bit_writter.c">
      <Filter>源文件</Filter>
    </ClCompile>
    <ClCompile Include="..\..\rtmp_server_base\simple_mutex.c">
      <Filter>源文件</Filter>
    </ClCompile>
    <ClCompile Include="..\..\rtmp_server_base\thread.c">
      <Filter>源文件</Filter>
    </ClCompile>
    <ClCompile Include="..\..\rtmp_server_base\util_tools.c">
      <Filter>源文件</Filter>
    </ClCompile>
  </ItemGroup>
</Project>